{
  "nodes": {
    "agenix": {
      "inputs": {
        "darwin": "darwin",
        "home-manager": "home-manager",
        "nixpkgs": [
          "nixpkgs"
        ],
        "systems": "systems"
      },
      "locked": {
        "lastModified": 1770165109,
        "narHash": "sha256-9VnK6Oqai65puVJ4WYtCTvlJeXxMzAp/69HhQuTdl/I=",
        "ref": "main",
        "rev": "b027ee29d959fda4b60b57566d64c98a202e0feb",
        "shallow": true,
        "type": "git",
        "url": "https://gh-proxy.com/https://github.com/ryantm/agenix.git"
      },
      "original": {
        "ref": "main",
        "shallow": true,
        "type": "git",
        "url": "https://gh-proxy.com/https://github.com/ryantm/agenix.git"
      }
    },
    "cirruslabs-cli": {
      "flake": false,
      "locked": {
        "lastModified": 1780337541,
        "narHash": "sha256-7KVWRKl+Wxn3sAqAKE8lnhOeElH+J01CITvjxHtDp5o=",
        "ref": "master",
        "rev": "4fef6a32df31b4c51bf745ae2d86b53a037a1a6c",
        "shallow": true,
        "type": "git",
        "url": "https://gh-proxy.com/https://github.com/cirruslabs/homebrew-cli.git"
      },
      "original": {
        "ref": "master",
        "shallow": true,
        "type": "git",
        "url": "https://gh-proxy.com/https://github.com/cirruslabs/homebrew-cli.git"
      }
    },
    "comin": {
      "inputs": {
        "flake-compat": "flake-compat",
        "nixpkgs": [
          "nixpkgs"
        ],
        "treefmt-nix": [
          "treefmt-nix"
        ]
      },
      "locked": {
        "lastModified": 1784448272,
        "narHash": "sha256-zkI/QkILbWpjhBOzF7K/kCVsJfCkBbMO96d5B0abfE4=",
        "ref": "refs/tags/v0.14.0",
        "rev": "ed92afc48978fb15a2535ebd5c5f63b3010e3b78",
        "shallow": true,
        "type": "git",
        "url": "https://gh-proxy.com/https://github.com/nlewo/comin.git"
      },
      "original": {
        "ref": "refs/tags/v0.14.0",
        "shallow": true,
        "type": "git",
        "url": "https://gh-proxy.com/https://github.com/nlewo/comin.git"
      }
    },
    "darwin": {
      "inputs": {
        "nixpkgs": [
          "agenix",
          "nixpkgs"
        ]
      },
      "locked": {
        "lastModified": 1744478979,
        "narHash": "sha256-dyN+teG9G82G+m+PX/aSAagkC+vUv0SgUw3XkPhQodQ=",
        "owner": "lnl7",
        "repo": "nix-darwin",
        "rev": "43975d782b418ebf4969e9ccba82466728c2851b",
        "type": "github"
      },
      "original": {
        "owner": "lnl7",
        "ref": "master",
        "repo": "nix-darwin",
        "type": "github"
      }
    },
    "disko": {
      "inputs": {
        "nixpkgs": [
          "nixpkgs"
        ]
      },
      "locked": {
        "lastModified": 1781152676,
        "narHash": "sha256-RxWs5ND31KzTG7wvMM+PMfUjyNpmIEr999lqNARaM5o=",
        "ref": "master",
        "rev": "ff8702b4de27f72b4c78573dfb89ec74e36abdf1",
        "shallow": true,
        "type": "git",
        "url": "https://github.com/nix-community/disko.git"
      },
      "original": {
        "ref": "master",
        "shallow": true,
        "type": "git",
        "url": "https://github.com/nix-community/disko.git"
      }
    },
    "flake-compat": {
      "flake": false,
      "locked": {
        "lastModified": 1765121682,
        "narHash": "sha256-4VBOP18BFeiPkyhy9o4ssBNQEvfvv1kXkasAYd0+rrA=",
        "owner": "NixOS",
        "repo": "flake-compat",
        "rev": "65f23138d8d09a92e30f1e5c87611b23ef451bf3",
        "type": "github"
      },
      "original": {
        "owner": "NixOS",
        "repo": "flake-compat",
        "type": "github"
      }
    },
    "home-manager": {
      "inputs": {
        "nixpkgs": [
          "agenix",
          "nixpkgs"
        ]
      },
      "locked": {
        "lastModified": 1745494811,
        "narHash": "sha256-YZCh2o9Ua1n9uCvrvi5pRxtuVNml8X2a03qIFfRKpFs=",
        "owner": "nix-community",
        "repo": "home-manager",
        "rev": "abfad3d2958c9e6300a883bd443512c55dfeb1be",
        "type": "github"
      },
      "original": {
        "owner": "nix-community",
        "repo": "home-manager",
        "type": "github"
      }
    },
    "home-manager_2": {
      "inputs": {
        "nixpkgs": [
          "nixpkgs"
        ]
      },
      "locked": {
        "lastModified": 1786538400,
        "narHash": "sha256-PH8B1YKxedcWKNw2xsk6cKPVk/rJoLgdlWd5d+Icies=",
        "ref": "master",
        "rev": "e13ba5e5abbd9b912fa8c6979bd119e87ca7fdd9",
        "shallow": true,
        "type": "git",
        "url": "https://gh-proxy.com/https://github.com/nix-community/home-manager.git"
      },
      "original": {
        "ref": "master",
        "shallow": true,
        "type": "git",
        "url": "https://gh-proxy.com/https://github.com/nix-community/home-manager.git"
      }
    },
    "home-manager_3": {
      "inputs": {
        "nixpkgs": [
          "impermanence",
          "nixpkgs"
        ]
      },
      "locked": {
        "lastModified": 1768598210,
        "narHash": "sha256-kkgA32s/f4jaa4UG+2f8C225Qvclxnqs76mf8zvTVPg=",
        "owner": "nix-community",
        "repo": "home-manager",
        "rev": "c47b2cc64a629f8e075de52e4742de688f930dc6",
        "type": "github"
      },
      "original": {
        "owner": "nix-community",
        "repo": "home-manager",
        "type": "github"
      }
    },
    "homebrew": {
      "flake": false,
      "locked": {
        "lastModified": 1786551636,
        "narHash": "sha256-6Di/xahANPxP/izGYulo+E2kUjDEqln3lvsar78/7D4=",
        "ref": "main",
        "rev": "ec55b2e3f893467a8c7c1952a724907797a3b8d0",
        "shallow": true,
        "type": "git",
        "url": "https://gh-proxy.com/https://github.com/Homebrew/brew.git"
      },
      "original": {
        "ref": "main",
        "shallow": true,
        "type": "git",
        "url": "https://gh-proxy.com/https://github.com/Homebrew/brew.git"
      }
    },
    "homebrew-cask": {
      "flake": false,
      "locked": {
        "lastModified": 1786601492,
        "narHash": "sha256-5RoqoH+RKCR9VaP8SYRPCxHKaU/Bmurs+nW8yMwVOq0=",
        "ref": "main",
        "rev": "e4bb8d515e67b3cd915c32578b949c1af03d673b",
        "shallow": true,
        "type": "git",
        "url": "https://gh-proxy.com/https://github.com/homebrew/homebrew-cask.git"
      },
      "original": {
        "ref": "main",
        "shallow": true,
        "type": "git",
        "url": "https://gh-proxy.com/https://github.com/homebrew/homebrew-cask.git"
      }
    },
    "homebrew-core": {
      "flake": false,
      "locked": {
        "lastModified": 1786601707,
        "narHash": "sha256-Oau7k636w5u7FLCoEKzXhRc4s1oFUXDGUTTadaz0IsA=",
        "ref": "main",
        "rev": "6fafcb009abd788098ba6da8e5c2805073297ad6",
        "shallow": true,
        "type": "git",
        "url": "https://gh-proxy.com/https://github.com/homebrew/homebrew-core.git"
      },
      "original": {
        "ref": "main",
        "shallow": true,
        "type": "git",
        "url": "https://gh-proxy.com/https://github.com/homebrew/homebrew-core.git"
      }
    },
    "impermanence": {
      "inputs": {
        "home-manager": "home-manager_3",
        "nixpkgs": [
          "nixpkgs"
        ]
      },
      "locked": {
        "lastModified": 1769548169,
        "narHash": "sha256-03+JxvzmfwRu+5JafM0DLbxgHttOQZkUtDWBmeUkN8Y=",
        "ref": "master",
        "rev": "7b1d382faf603b6d264f58627330f9faa5cba149",
        "shallow": true,
        "type": "git",
        "url": "https://github.com/nix-community/impermanence.git"
      },
      "original": {
        "ref": "master",
        "shallow": true,
        "type": "git",
        "url": "https://github.com/nix-community/impermanence.git"
      }
    },
    "nix-darwin": {
      "inputs": {
        "nixpkgs": [
          "nixpkgs"
        ]
      },
      "locked": {
        "lastModified": 1785389976,
        "narHash": "sha256-0tLW8Ff5yt8AH97jw4ZpFJ0OCJ122zIlgWGDmOfU/VU=",
        "ref": "master",
        "rev": "15abb8c98f336cd8bd840d71059adebabe60bf04",
        "shallow": true,
        "type": "git",
        "url": "https://gh-proxy.com/https://github.com/nix-darwin/nix-darwin.git"
      },
      "original": {
        "ref": "master",
        "shallow": true,
        "type": "git",
        "url": "https://gh-proxy.com/https://github.com/nix-darwin/nix-darwin.git"
      }
    },
    "nix-homebrew": {
      "inputs": {
        "brew-src": [
          "homebrew"
        ]
      },
      "locked": {
        "lastModified": 1786580329,
        "narHash": "sha256-/8cBGYJ+Cj2bSdXv7+B+DFIU+s5u/iKouWUZUvFz32E=",
        "ref": "main",
        "rev": "7be2ffcda4d9632edb7150b263ee081abba5e984",
        "shallow": true,
        "type": "git",
        "url": "https://gh-proxy.com/https://github.com/zhaofengli/nix-homebrew.git"
      },
      "original": {
        "ref": "main",
        "shallow": true,
        "type": "git",
        "url": "https://gh-proxy.com/https://github.com/zhaofengli/nix-homebrew.git"
      }
    },
    "nixpkgs": {
      "locked": {
        "lastModified": 1786384358,
        "narHash": "sha256-RzPPiWeUtuvymnpuEWsdtzli5w4kjZs49FqEs3/1u+I=",
        "ref": "nixpkgs-unstable",
        "rev": "2fcb964de67fcf60b43471c55d5d99e61a9ccb5a",
        "shallow": true,
        "type": "git",
        "url": "https://gh-proxy.com/https://github.com/NixOS/nixpkgs.git"
      },
      "original": {
        "ref": "nixpkgs-unstable",
        "rev": "2fcb964de67fcf60b43471c55d5d99e61a9ccb5a",
        "shallow": true,
        "type": "git",
        "url": "https://gh-proxy.com/https://github.com/NixOS/nixpkgs.git"
      }
    },
    "plasma-manager": {
      "inputs": {
        "home-manager": [
          "home-manager"
        ],
        "nixpkgs": [
          "nixpkgs"
        ]
      },
      "locked": {
        "lastModified": 1785762349,
        "narHash": "sha256-jZhZkzAwc7f3exzcTDJWP2WCAchCv0iNC3UF/QsahdQ=",
        "ref": "trunk",
        "rev": "a19a2a029fa180911bd89c554dca1616e10f4c1d",
        "shallow": true,
        "type": "git",
        "url": "https://github.com/nix-community/plasma-manager.git"
      },
      "original": {
        "ref": "trunk",
        "shallow": true,
        "type": "git",
        "url": "https://github.com/nix-community/plasma-manager.git"
      }
    },
    "root": {
      "inputs": {
        "agenix": "agenix",
        "cirruslabs-cli": "cirruslabs-cli",
        "comin": "comin",
        "disko": "disko",
        "home-manager": "home-manager_2",
        "homebrew": "homebrew",
        "homebrew-cask": "homebrew-cask",
        "homebrew-core": "homebrew-core",
        "impermanence": "impermanence",
        "nix-darwin": "nix-darwin",
        "nix-homebrew": "nix-homebrew",
        "nixpkgs": "nixpkgs",
        "plasma-manager": "plasma-manager",
        "treefmt-nix": "treefmt-nix"
      }
    },
    "systems": {
      "locked": {
        "lastModified": 1681028828,
        "narHash": "sha256-Vy1rq5AaRuLzOxct8nz4T6wlgyUR7zLU309k9mBC768=",
        "owner": "nix-systems",
        "repo": "default",
        "rev": "da67096a3b9bf56a91d16901293e51ba5b49a27e",
        "type": "github"
      },
      "original": {
        "owner": "nix-systems",
        "repo": "default",
        "type": "github"
      }
    },
    "treefmt-nix": {
      "inputs": {
        "nixpkgs": [
          "nixpkgs"
        ]
      },
      "locked": {
        "lastModified": 1785945821,
        "narHash": "sha256-NLSyTCW4K4ofhNBllt3omPasm6QpralXH1DBZOc91Dw=",
        "ref": "main",
        "rev": "ae7910970dddc408fe6ab1c8e4b277bb21d72dc0",
        "shallow": true,
        "type": "git",
        "url": "https://gh-proxy.com/https://github.com/numtide/treefmt-nix.git"
      },
      "original": {
        "ref": "main",
        "shallow": true,
        "type": "git",
        "url": "https://gh-proxy.com/https://github.com/numtide/treefmt-nix.git"
      }
    }
  },
  "root": "root",
  "version": 7
}
