{
  "nodes": {
    "agenix": {
      "inputs": {
        "darwin": "darwin",
        "home-manager": "home-manager",
        "nixpkgs": [
          "nixpkgs"
        ],
        "systems": "systems"
      },
      "locked": {
        "lastModified": 1770165109,
        "narHash": "sha256-9VnK6Oqai65puVJ4WYtCTvlJeXxMzAp/69HhQuTdl/I=",
        "ref": "main",
        "rev": "b027ee29d959fda4b60b57566d64c98a202e0feb",
        "shallow": true,
        "type": "git",
        "url": "https://gh-proxy.com/https://github.com/ryantm/agenix.git"
      },
      "original": {
        "ref": "main",
        "shallow": true,
        "type": "git",
        "url": "https://gh-proxy.com/https://github.com/ryantm/agenix.git"
      }
    },
    "comin": {
      "inputs": {
        "flake-compat": "flake-compat",
        "nixpkgs": [
          "nixpkgs"
        ],
        "treefmt-nix": "treefmt-nix"
      },
      "locked": {
        "lastModified": 1784448272,
        "narHash": "sha256-zkI/QkILbWpjhBOzF7K/kCVsJfCkBbMO96d5B0abfE4=",
        "ref": "refs/tags/v0.14.0",
        "rev": "ed92afc48978fb15a2535ebd5c5f63b3010e3b78",
        "shallow": true,
        "type": "git",
        "url": "https://gh-proxy.com/https://github.com/nlewo/comin.git"
      },
      "original": {
        "ref": "refs/tags/v0.14.0",
        "shallow": true,
        "type": "git",
        "url": "https://gh-proxy.com/https://github.com/nlewo/comin.git"
      }
    },
    "darwin": {
      "inputs": {
        "nixpkgs": [
          "agenix",
          "nixpkgs"
        ]
      },
      "locked": {
        "lastModified": 1744478979,
        "narHash": "sha256-dyN+teG9G82G+m+PX/aSAagkC+vUv0SgUw3XkPhQodQ=",
        "owner": "lnl7",
        "repo": "nix-darwin",
        "rev": "43975d782b418ebf4969e9ccba82466728c2851b",
        "type": "github"
      },
      "original": {
        "owner": "lnl7",
        "ref": "master",
        "repo": "nix-darwin",
        "type": "github"
      }
    },
    "flake-compat": {
      "flake": false,
      "locked": {
        "lastModified": 1765121682,
        "narHash": "sha256-4VBOP18BFeiPkyhy9o4ssBNQEvfvv1kXkasAYd0+rrA=",
        "owner": "NixOS",
        "repo": "flake-compat",
        "rev": "65f23138d8d09a92e30f1e5c87611b23ef451bf3",
        "type": "github"
      },
      "original": {
        "owner": "NixOS",
        "repo": "flake-compat",
        "type": "github"
      }
    },
    "home-manager": {
      "inputs": {
        "nixpkgs": [
          "agenix",
          "nixpkgs"
        ]
      },
      "locked": {
        "lastModified": 1745494811,
        "narHash": "sha256-YZCh2o9Ua1n9uCvrvi5pRxtuVNml8X2a03qIFfRKpFs=",
        "owner": "nix-community",
        "repo": "home-manager",
        "rev": "abfad3d2958c9e6300a883bd443512c55dfeb1be",
        "type": "github"
      },
      "original": {
        "owner": "nix-community",
        "repo": "home-manager",
        "type": "github"
      }
    },
    "home-manager_2": {
      "inputs": {
        "nixpkgs": [
          "nixpkgs"
        ]
      },
      "locked": {
        "lastModified": 1786356609,
        "narHash": "sha256-ou8fYz5w9yhXC8YbvvExybFIa19MyW5G/8dEPqa90hM=",
        "ref": "master",
        "rev": "c30c7955cec30d664a9baced6bc0112e263d4647",
        "shallow": true,
        "type": "git",
        "url": "https://gh-proxy.com/https://github.com/nix-community/home-manager.git"
      },
      "original": {
        "ref": "master",
        "shallow": true,
        "type": "git",
        "url": "https://gh-proxy.com/https://github.com/nix-community/home-manager.git"
      }
    },
    "homebrew": {
      "flake": false,
      "locked": {
        "lastModified": 1786369370,
        "narHash": "sha256-EgDw+PF3vMzdxaq6v0c7JGBKXiGERb9VvcvPHHRikW8=",
        "ref": "main",
        "rev": "007333f25eeb61fcebed5e5eb5df1cee29dc2701",
        "shallow": true,
        "type": "git",
        "url": "https://gh-proxy.com/https://github.com/Homebrew/brew.git"
      },
      "original": {
        "ref": "main",
        "shallow": true,
        "type": "git",
        "url": "https://gh-proxy.com/https://github.com/Homebrew/brew.git"
      }
    },
    "homebrew-cask": {
      "flake": false,
      "locked": {
        "lastModified": 1786424664,
        "narHash": "sha256-gYDARvbnonAYR02lLj7fNlMMX54jvW/IuWO1jfm/xTQ=",
        "ref": "main",
        "rev": "7e490539115e18c5c25e11386c42cc44ec91c9dc",
        "shallow": true,
        "type": "git",
        "url": "https://gh-proxy.com/https://github.com/homebrew/homebrew-cask.git"
      },
      "original": {
        "ref": "main",
        "shallow": true,
        "type": "git",
        "url": "https://gh-proxy.com/https://github.com/homebrew/homebrew-cask.git"
      }
    },
    "homebrew-core": {
      "flake": false,
      "locked": {
        "lastModified": 1786432799,
        "narHash": "sha256-fP1ja33tGmAZrGBwdefLhlDynpI3glgIoeSJop54+b8=",
        "ref": "main",
        "rev": "4c5ca88f4b8b73ae332facf79268a0f98fd568b5",
        "shallow": true,
        "type": "git",
        "url": "https://gh-proxy.com/https://github.com/homebrew/homebrew-core.git"
      },
      "original": {
        "ref": "main",
        "shallow": true,
        "type": "git",
        "url": "https://gh-proxy.com/https://github.com/homebrew/homebrew-core.git"
      }
    },
    "nix-darwin": {
      "inputs": {
        "nixpkgs": [
          "nixpkgs"
        ]
      },
      "locked": {
        "lastModified": 1785389976,
        "narHash": "sha256-0tLW8Ff5yt8AH97jw4ZpFJ0OCJ122zIlgWGDmOfU/VU=",
        "ref": "master",
        "rev": "15abb8c98f336cd8bd840d71059adebabe60bf04",
        "shallow": true,
        "type": "git",
        "url": "https://gh-proxy.com/https://github.com/nix-darwin/nix-darwin.git"
      },
      "original": {
        "ref": "master",
        "shallow": true,
        "type": "git",
        "url": "https://gh-proxy.com/https://github.com/nix-darwin/nix-darwin.git"
      }
    },
    "nix-homebrew": {
      "inputs": {
        "brew-src": [
          "homebrew"
        ]
      },
      "locked": {
        "lastModified": 1786217209,
        "narHash": "sha256-rusAj5QBnbSwXG6csns6dwxTeCOGRcj08VmlnhUQ6ZY=",
        "ref": "main",
        "rev": "486357ea434dc0061ea52121ff99b1d33096c811",
        "shallow": true,
        "type": "git",
        "url": "https://gh-proxy.com/https://github.com/zhaofengli/nix-homebrew.git"
      },
      "original": {
        "ref": "main",
        "shallow": true,
        "type": "git",
        "url": "https://gh-proxy.com/https://github.com/zhaofengli/nix-homebrew.git"
      }
    },
    "nixpkgs": {
      "locked": {
        "lastModified": 1770107345,
        "narHash": "sha256-tbS0Ebx2PiA1FRW8mt8oejR0qMXmziJmPaU1d4kYY9g=",
        "owner": "nixos",
        "repo": "nixpkgs",
        "rev": "4533d9293756b63904b7238acb84ac8fe4c8c2c4",
        "type": "github"
      },
      "original": {
        "owner": "nixos",
        "ref": "nixpkgs-unstable",
        "repo": "nixpkgs",
        "type": "github"
      }
    },
    "nixpkgs_2": {
      "locked": {
        "lastModified": 1786348146,
        "narHash": "sha256-we5zDEFfn8TgzeWKjKDMIjeQZ59omEPl23NIF+13/ys=",
        "ref": "nixpkgs-unstable",
        "rev": "d482ef84049d9b7276b83a06e4e4d76983830097",
        "shallow": true,
        "type": "git",
        "url": "https://gh-proxy.com/https://github.com/NixOS/nixpkgs.git"
      },
      "original": {
        "ref": "nixpkgs-unstable",
        "shallow": true,
        "type": "git",
        "url": "https://gh-proxy.com/https://github.com/NixOS/nixpkgs.git"
      }
    },
    "root": {
      "inputs": {
        "agenix": "agenix",
        "comin": "comin",
        "home-manager": "home-manager_2",
        "homebrew": "homebrew",
        "homebrew-cask": "homebrew-cask",
        "homebrew-core": "homebrew-core",
        "nix-darwin": "nix-darwin",
        "nix-homebrew": "nix-homebrew",
        "nixpkgs": "nixpkgs_2",
        "treefmt-nix": "treefmt-nix_2"
      }
    },
    "systems": {
      "locked": {
        "lastModified": 1681028828,
        "narHash": "sha256-Vy1rq5AaRuLzOxct8nz4T6wlgyUR7zLU309k9mBC768=",
        "owner": "nix-systems",
        "repo": "default",
        "rev": "da67096a3b9bf56a91d16901293e51ba5b49a27e",
        "type": "github"
      },
      "original": {
        "owner": "nix-systems",
        "repo": "default",
        "type": "github"
      }
    },
    "treefmt-nix": {
      "inputs": {
        "nixpkgs": "nixpkgs"
      },
      "locked": {
        "lastModified": 1770228511,
        "narHash": "sha256-wQ6NJSuFqAEmIg2VMnLdCnUc0b7vslUohqqGGD+Fyxk=",
        "owner": "numtide",
        "repo": "treefmt-nix",
        "rev": "337a4fe074be1042a35086f15481d763b8ddc0e7",
        "type": "github"
      },
      "original": {
        "owner": "numtide",
        "repo": "treefmt-nix",
        "type": "github"
      }
    },
    "treefmt-nix_2": {
      "inputs": {
        "nixpkgs": [
          "nixpkgs"
        ]
      },
      "locked": {
        "lastModified": 1785945821,
        "narHash": "sha256-NLSyTCW4K4ofhNBllt3omPasm6QpralXH1DBZOc91Dw=",
        "ref": "main",
        "rev": "ae7910970dddc408fe6ab1c8e4b277bb21d72dc0",
        "shallow": true,
        "type": "git",
        "url": "https://gh-proxy.com/https://github.com/numtide/treefmt-nix.git"
      },
      "original": {
        "ref": "main",
        "shallow": true,
        "type": "git",
        "url": "https://gh-proxy.com/https://github.com/numtide/treefmt-nix.git"
      }
    }
  },
  "root": "root",
  "version": 7
}
