{
  "nodes": {
    "agenix": {
      "inputs": {
        "darwin": "darwin",
        "home-manager": "home-manager",
        "nixpkgs": [
          "nixpkgs"
        ],
        "systems": "systems"
      },
      "locked": {
        "lastModified": 1770165109,
        "narHash": "sha256-9VnK6Oqai65puVJ4WYtCTvlJeXxMzAp/69HhQuTdl/I=",
        "ref": "main",
        "rev": "b027ee29d959fda4b60b57566d64c98a202e0feb",
        "shallow": true,
        "type": "git",
        "url": "https://ghfast.top/https://github.com/ryantm/agenix.git"
      },
      "original": {
        "ref": "main",
        "shallow": true,
        "type": "git",
        "url": "https://ghfast.top/https://github.com/ryantm/agenix.git"
      }
    },
    "catppuccin": {
      "inputs": {
        "nixpkgs": [
          "nixpkgs"
        ]
      },
      "locked": {
        "lastModified": 1786309022,
        "narHash": "sha256-Bn1EFvCd74JZXJs3pxUdfEMhls3/yuJre4O1owI6oe8=",
        "ref": "main",
        "rev": "9e84aa294455c58a1caba475902d06c1170ed5c1",
        "shallow": true,
        "type": "git",
        "url": "https://ghfast.top/https://github.com/catppuccin/nix.git"
      },
      "original": {
        "ref": "main",
        "rev": "9e84aa294455c58a1caba475902d06c1170ed5c1",
        "shallow": true,
        "type": "git",
        "url": "https://ghfast.top/https://github.com/catppuccin/nix.git"
      }
    },
    "cirruslabs-cli": {
      "flake": false,
      "locked": {
        "lastModified": 1780337541,
        "narHash": "sha256-7KVWRKl+Wxn3sAqAKE8lnhOeElH+J01CITvjxHtDp5o=",
        "ref": "master",
        "rev": "4fef6a32df31b4c51bf745ae2d86b53a037a1a6c",
        "shallow": true,
        "type": "git",
        "url": "https://ghfast.top/https://github.com/cirruslabs/homebrew-cli.git"
      },
      "original": {
        "ref": "master",
        "shallow": true,
        "type": "git",
        "url": "https://ghfast.top/https://github.com/cirruslabs/homebrew-cli.git"
      }
    },
    "comin": {
      "inputs": {
        "flake-compat": "flake-compat",
        "nixpkgs": [
          "nixpkgs"
        ],
        "treefmt-nix": [
          "treefmt-nix"
        ]
      },
      "locked": {
        "lastModified": 1784448272,
        "narHash": "sha256-zkI/QkILbWpjhBOzF7K/kCVsJfCkBbMO96d5B0abfE4=",
        "ref": "refs/tags/v0.14.0",
        "rev": "ed92afc48978fb15a2535ebd5c5f63b3010e3b78",
        "shallow": true,
        "type": "git",
        "url": "https://ghfast.top/https://github.com/nlewo/comin.git"
      },
      "original": {
        "ref": "refs/tags/v0.14.0",
        "shallow": true,
        "type": "git",
        "url": "https://ghfast.top/https://github.com/nlewo/comin.git"
      }
    },
    "darwin": {
      "inputs": {
        "nixpkgs": [
          "agenix",
          "nixpkgs"
        ]
      },
      "locked": {
        "lastModified": 1744478979,
        "narHash": "sha256-dyN+teG9G82G+m+PX/aSAagkC+vUv0SgUw3XkPhQodQ=",
        "owner": "lnl7",
        "repo": "nix-darwin",
        "rev": "43975d782b418ebf4969e9ccba82466728c2851b",
        "type": "github"
      },
      "original": {
        "owner": "lnl7",
        "ref": "master",
        "repo": "nix-darwin",
        "type": "github"
      }
    },
    "disko": {
      "inputs": {
        "nixpkgs": [
          "nixpkgs"
        ]
      },
      "locked": {
        "lastModified": 1781152676,
        "narHash": "sha256-RxWs5ND31KzTG7wvMM+PMfUjyNpmIEr999lqNARaM5o=",
        "ref": "master",
        "rev": "ff8702b4de27f72b4c78573dfb89ec74e36abdf1",
        "shallow": true,
        "type": "git",
        "url": "https://ghfast.top/https://github.com/nix-community/disko.git"
      },
      "original": {
        "ref": "master",
        "shallow": true,
        "type": "git",
        "url": "https://ghfast.top/https://github.com/nix-community/disko.git"
      }
    },
    "flake-compat": {
      "flake": false,
      "locked": {
        "lastModified": 1765121682,
        "narHash": "sha256-4VBOP18BFeiPkyhy9o4ssBNQEvfvv1kXkasAYd0+rrA=",
        "owner": "NixOS",
        "repo": "flake-compat",
        "rev": "65f23138d8d09a92e30f1e5c87611b23ef451bf3",
        "type": "github"
      },
      "original": {
        "owner": "NixOS",
        "repo": "flake-compat",
        "type": "github"
      }
    },
    "home-manager": {
      "inputs": {
        "nixpkgs": [
          "agenix",
          "nixpkgs"
        ]
      },
      "locked": {
        "lastModified": 1745494811,
        "narHash": "sha256-YZCh2o9Ua1n9uCvrvi5pRxtuVNml8X2a03qIFfRKpFs=",
        "owner": "nix-community",
        "repo": "home-manager",
        "rev": "abfad3d2958c9e6300a883bd443512c55dfeb1be",
        "type": "github"
      },
      "original": {
        "owner": "nix-community",
        "repo": "home-manager",
        "type": "github"
      }
    },
    "home-manager_2": {
      "inputs": {
        "nixpkgs": [
          "nixpkgs"
        ]
      },
      "locked": {
        "lastModified": 1787377438,
        "narHash": "sha256-Sxu1NLTD/Ern6hFGLlZmtKCSct3YQXZI/lls8RE1XeM=",
        "ref": "release-26.05",
        "rev": "65258d5c65a250189fde2e35f490d15e064c4c62",
        "shallow": true,
        "type": "git",
        "url": "https://ghfast.top/https://github.com/nix-community/home-manager.git"
      },
      "original": {
        "ref": "release-26.05",
        "shallow": true,
        "type": "git",
        "url": "https://ghfast.top/https://github.com/nix-community/home-manager.git"
      }
    },
    "home-manager_3": {
      "inputs": {
        "nixpkgs": [
          "impermanence",
          "nixpkgs"
        ]
      },
      "locked": {
        "lastModified": 1768598210,
        "narHash": "sha256-kkgA32s/f4jaa4UG+2f8C225Qvclxnqs76mf8zvTVPg=",
        "owner": "nix-community",
        "repo": "home-manager",
        "rev": "c47b2cc64a629f8e075de52e4742de688f930dc6",
        "type": "github"
      },
      "original": {
        "owner": "nix-community",
        "repo": "home-manager",
        "type": "github"
      }
    },
    "homebrew": {
      "flake": false,
      "locked": {
        "lastModified": 1788248461,
        "narHash": "sha256-AxyeG+pra52ET6imNWzIfUKPOnxyEJwNu2D288cDUXU=",
        "ref": "main",
        "rev": "624cf710bdbe07acf9d6f893f7376df7f8c22663",
        "shallow": true,
        "type": "git",
        "url": "https://ghfast.top/https://github.com/Homebrew/brew.git"
      },
      "original": {
        "ref": "main",
        "shallow": true,
        "type": "git",
        "url": "https://ghfast.top/https://github.com/Homebrew/brew.git"
      }
    },
    "homebrew-cask": {
      "flake": false,
      "locked": {
        "lastModified": 1788253962,
        "narHash": "sha256-YkBtkD+tlSCdVjWlu8VpYdpU0pYkXOa09A8kZj5B6ek=",
        "ref": "main",
        "rev": "6ebe28553d1f03f38d6867df4d9e319686b5032d",
        "shallow": true,
        "type": "git",
        "url": "https://ghfast.top/https://github.com/homebrew/homebrew-cask.git"
      },
      "original": {
        "ref": "main",
        "shallow": true,
        "type": "git",
        "url": "https://ghfast.top/https://github.com/homebrew/homebrew-cask.git"
      }
    },
    "homebrew-core": {
      "flake": false,
      "locked": {
        "lastModified": 1788254182,
        "narHash": "sha256-3gW/RojRz7TsYZwJWlyGKXxRE2g7VyHLsMK/u8In2kU=",
        "ref": "main",
        "rev": "b19508d75f84dc8b2bdfbc67444c1203bb10a008",
        "shallow": true,
        "type": "git",
        "url": "https://ghfast.top/https://github.com/homebrew/homebrew-core.git"
      },
      "original": {
        "ref": "main",
        "shallow": true,
        "type": "git",
        "url": "https://ghfast.top/https://github.com/homebrew/homebrew-core.git"
      }
    },
    "impermanence": {
      "inputs": {
        "home-manager": "home-manager_3",
        "nixpkgs": [
          "nixpkgs"
        ]
      },
      "locked": {
        "lastModified": 1769548169,
        "narHash": "sha256-03+JxvzmfwRu+5JafM0DLbxgHttOQZkUtDWBmeUkN8Y=",
        "ref": "master",
        "rev": "7b1d382faf603b6d264f58627330f9faa5cba149",
        "shallow": true,
        "type": "git",
        "url": "https://ghfast.top/https://github.com/nix-community/impermanence.git"
      },
      "original": {
        "ref": "master",
        "shallow": true,
        "type": "git",
        "url": "https://ghfast.top/https://github.com/nix-community/impermanence.git"
      }
    },
    "nix-darwin": {
      "inputs": {
        "nixpkgs": [
          "nixpkgs-darwin"
        ]
      },
      "locked": {
        "lastModified": 1783744694,
        "narHash": "sha256-2cp6N3rrwnGYLTx9l6N+NI+kwrCWxvJUbj5WJhvB29A=",
        "ref": "nix-darwin-26.05",
        "rev": "c3e90c89649b07d1a96e4b9dd6cd0d6e44b91a74",
        "shallow": true,
        "type": "git",
        "url": "https://ghfast.top/https://github.com/nix-darwin/nix-darwin.git"
      },
      "original": {
        "ref": "nix-darwin-26.05",
        "shallow": true,
        "type": "git",
        "url": "https://ghfast.top/https://github.com/nix-darwin/nix-darwin.git"
      }
    },
    "nix-homebrew": {
      "inputs": {
        "brew-src": [
          "homebrew"
        ]
      },
      "locked": {
        "lastModified": 1787330919,
        "narHash": "sha256-LslMncqN7uOOH5S88WZtO/EVt2HwD8ltUnfyANk+mC0=",
        "ref": "main",
        "rev": "b00218e4aec0e5bf07d61a0bb13f842faa582d7b",
        "shallow": true,
        "type": "git",
        "url": "https://ghfast.top/https://github.com/zhaofengli/nix-homebrew.git"
      },
      "original": {
        "ref": "main",
        "shallow": true,
        "type": "git",
        "url": "https://ghfast.top/https://github.com/zhaofengli/nix-homebrew.git"
      }
    },
    "nixpkgs": {
      "locked": {
        "lastModified": 1787962033,
        "narHash": "sha256-u6z9VTZA4Kf3RkHQo9sQI7NI4Ei/uiU9vrMqOiwWP1Y=",
        "ref": "nixos-26.05",
        "rev": "c5c4a43b0e8056328ec4529f735cabdb8f1942bb",
        "shallow": true,
        "type": "git",
        "url": "https://ghfast.top/https://github.com/NixOS/nixpkgs.git"
      },
      "original": {
        "ref": "nixos-26.05",
        "shallow": true,
        "type": "git",
        "url": "https://ghfast.top/https://github.com/NixOS/nixpkgs.git"
      }
    },
    "nixpkgs-darwin": {
      "locked": {
        "lastModified": 1787940818,
        "narHash": "sha256-vFzVv78WlyEbTyV5BbrnicnV159wC0YPOcBe3QagyBI=",
        "ref": "nixpkgs-26.05-darwin",
        "rev": "f6107e546a5012172d93e79f1f7950da02ad798f",
        "shallow": true,
        "type": "git",
        "url": "https://ghfast.top/https://github.com/NixOS/nixpkgs.git"
      },
      "original": {
        "ref": "nixpkgs-26.05-darwin",
        "shallow": true,
        "type": "git",
        "url": "https://ghfast.top/https://github.com/NixOS/nixpkgs.git"
      }
    },
    "plasma-manager": {
      "inputs": {
        "home-manager": [
          "home-manager"
        ],
        "nixpkgs": [
          "nixpkgs"
        ]
      },
      "locked": {
        "lastModified": 1785762349,
        "narHash": "sha256-jZhZkzAwc7f3exzcTDJWP2WCAchCv0iNC3UF/QsahdQ=",
        "ref": "trunk",
        "rev": "a19a2a029fa180911bd89c554dca1616e10f4c1d",
        "shallow": true,
        "type": "git",
        "url": "https://ghfast.top/https://github.com/nix-community/plasma-manager.git"
      },
      "original": {
        "ref": "trunk",
        "shallow": true,
        "type": "git",
        "url": "https://ghfast.top/https://github.com/nix-community/plasma-manager.git"
      }
    },
    "root": {
      "inputs": {
        "agenix": "agenix",
        "catppuccin": "catppuccin",
        "cirruslabs-cli": "cirruslabs-cli",
        "comin": "comin",
        "disko": "disko",
        "home-manager": "home-manager_2",
        "homebrew": "homebrew",
        "homebrew-cask": "homebrew-cask",
        "homebrew-core": "homebrew-core",
        "impermanence": "impermanence",
        "nix-darwin": "nix-darwin",
        "nix-homebrew": "nix-homebrew",
        "nixpkgs": "nixpkgs",
        "nixpkgs-darwin": "nixpkgs-darwin",
        "plasma-manager": "plasma-manager",
        "skemate": "skemate",
        "treefmt-nix": "treefmt-nix",
        "unstable": "unstable",
        "vscode-extensions": "vscode-extensions"
      }
    },
    "skemate": {
      "inputs": {
        "nixpkgs": [
          "nixpkgs"
        ]
      },
      "locked": {
        "lastModified": 1788251847,
        "narHash": "sha256-192H89jJKg70XzJ/s8yk4RWZgjvZbhmElfquUHXCqpg=",
        "ref": "deploy",
        "rev": "24704f334e8292f50272849a4a8deb121490f271",
        "revCount": 639,
        "type": "git",
        "url": "https://hc-git.qksxin.com/wangyu/skemate.git"
      },
      "original": {
        "ref": "deploy",
        "type": "git",
        "url": "https://hc-git.qksxin.com/wangyu/skemate.git"
      }
    },
    "systems": {
      "locked": {
        "lastModified": 1681028828,
        "narHash": "sha256-Vy1rq5AaRuLzOxct8nz4T6wlgyUR7zLU309k9mBC768=",
        "owner": "nix-systems",
        "repo": "default",
        "rev": "da67096a3b9bf56a91d16901293e51ba5b49a27e",
        "type": "github"
      },
      "original": {
        "owner": "nix-systems",
        "repo": "default",
        "type": "github"
      }
    },
    "treefmt-nix": {
      "inputs": {
        "nixpkgs": [
          "nixpkgs"
        ]
      },
      "locked": {
        "lastModified": 1786901030,
        "narHash": "sha256-WSFCsDSE5ffgD2MqzkM2CYjeFiKhRF/dJUN8uedb6YE=",
        "ref": "main",
        "rev": "27b3b12a8e6375f28ebe122f07d230ca5459bbfa",
        "shallow": true,
        "type": "git",
        "url": "https://ghfast.top/https://github.com/numtide/treefmt-nix.git"
      },
      "original": {
        "ref": "main",
        "shallow": true,
        "type": "git",
        "url": "https://ghfast.top/https://github.com/numtide/treefmt-nix.git"
      }
    },
    "unstable": {
      "locked": {
        "lastModified": 1787964612,
        "narHash": "sha256-0N9nghg3nwzX6b6qc77EzjR9cu/Z+UR66FlfsCqiURs=",
        "ref": "nixpkgs-unstable",
        "rev": "e8be7818e19ada32105a8af937a6a473b38167ca",
        "shallow": true,
        "type": "git",
        "url": "https://ghfast.top/https://github.com/NixOS/nixpkgs.git"
      },
      "original": {
        "ref": "nixpkgs-unstable",
        "shallow": true,
        "type": "git",
        "url": "https://ghfast.top/https://github.com/NixOS/nixpkgs.git"
      }
    },
    "vscode-extensions": {
      "inputs": {
        "nixpkgs": [
          "nixpkgs"
        ]
      },
      "locked": {
        "lastModified": 1788237531,
        "narHash": "sha256-u25EYPwDX41xtn4/cE+XDGQg9t1WOXK0WC7hh33sadA=",
        "ref": "master",
        "rev": "835647e781aa71e7ea1b21169daed842a3ca0142",
        "shallow": true,
        "type": "git",
        "url": "https://ghfast.top/https://github.com/nix-community/nix-vscode-extensions.git"
      },
      "original": {
        "ref": "master",
        "shallow": true,
        "type": "git",
        "url": "https://ghfast.top/https://github.com/nix-community/nix-vscode-extensions.git"
      }
    }
  },
  "root": "root",
  "version": 7
}
